
Microsoft Visual Studio Solution File, Format Version 12.00
# Visual Studio Version 17
VisualStudioVersion = 17.5.002.0
MinimumVisualStudioVersion = 10.0.40219.1
Project("{9A19103F-16F7-4668-BE54-9A1E7A4F7556}") = "ZipCounter", "ZipCounter\ZipCounter.csproj", "{48E7A6CF-B95F-4A19-A504-2C0083C591CB}"
EndProject
Global
	GlobalSection(SolutionConfigurationPlatforms) = preSolution
		Debug|Any CPU = Debug|Any CPU
		Release|Any CPU = Release|Any CPU
	EndGlobalSection
	GlobalSection(ProjectConfigurationPlatforms) = postSolution
		{48E7A6CF-B95F-4A19-A504-2C0083C591CB}.Debug|Any CPU.ActiveCfg = Debug|Any CPU
		{48E7A6CF-B95F-4A19-A504-2C0083C591CB}.Debug|Any CPU.Build.0 = Debug|Any CPU
		{48E7A6CF-B95F-4A19-A504-2C0083C591CB}.Release|Any CPU.ActiveCfg = Release|Any CPU
		{48E7A6CF-B95F-4A19-A504-2C0083C591CB}.Release|Any CPU.Build.0 = Release|Any CPU
	EndGlobalSection
	GlobalSection(SolutionProperties) = preSolution
		HideSolutionNode = FALSE
	EndGlobalSection
	GlobalSection(ExtensibilityGlobals) = postSolution
		SolutionGuid = {67D3AAFB-B929-495A-8156-2C378A9DFDB4}
	EndGlobalSection
EndGlobal
